// !$*UTF8*$!
{
	archiveVersion = 1;
	classes = {
	};
	objectVersion = 50;
	objects = {

/* Begin PBXBuildFile section */
		D4428FA321CB79540094ADAB /* main.cpp in Sources */ = {isa = PBXBuildFile; fileRef = D4428FA221CB79540094ADAB /* main.cpp */; };
		D4428FAB21CB79740094ADAB /* XFMutableArray.cpp in Sources */ = {isa = PBXBuildFile; fileRef = D4428FA921CB79740094ADAB /* XFMutableArray.cpp */; };
		D4428FAE21CB7ADE0094ADAB /* Demo.cpp in Sources */ = {isa = PBXBuildFile; fileRef = D4428FAC21CB7ADE0094ADAB /* Demo.cpp */; };
		D4428FB121CB7E8F0094ADAB /* XFLink.cpp in Sources */ = {isa = PBXBuildFile; fileRef = D4428FAF21CB7E8F0094ADAB /* XFLink.cpp */; };
		D4428FF421CC82E50094ADAB /* XFPoint.cpp in Sources */ = {isa = PBXBuildFile; fileRef = D4428FF221CC82E50094ADAB /* XFPoint.cpp */; };
		D4428FF721D0D20B0094ADAB /* StackOrHead.cpp in Sources */ = {isa = PBXBuildFile; fileRef = D4428FF521D0D20B0094ADAB /* StackOrHead.cpp */; };
		D4428FFA21D1C8420094ADAB /* XFStack.cpp in Sources */ = {isa = PBXBuildFile; fileRef = D4428FF821D1C8420094ADAB /* XFStack.cpp */; };
		D443BCD422321B2600CAB9E6 /* BubbleSort.cpp in Sources */ = {isa = PBXBuildFile; fileRef = D443BCD222321B2600CAB9E6 /* BubbleSort.cpp */; };
		D443BD092235FFDB00CAB9E6 /* Complexity.cpp in Sources */ = {isa = PBXBuildFile; fileRef = D443BD072235FFDB00CAB9E6 /* Complexity.cpp */; };
		D443BD0C2236317700CAB9E6 /* QuickSort.cpp in Sources */ = {isa = PBXBuildFile; fileRef = D443BD0A2236317700CAB9E6 /* QuickSort.cpp */; };
		D443BD0F22365E7700CAB9E6 /* sum.cpp in Sources */ = {isa = PBXBuildFile; fileRef = D443BD0D22365E7700CAB9E6 /* sum.cpp */; };
		D48FD7792248709000F98977 /* InsertSort.cpp in Sources */ = {isa = PBXBuildFile; fileRef = D48FD7772248709000F98977 /* InsertSort.cpp */; };
		D4E263B6222FCC5B00E24287 /* StringReplace.cpp in Sources */ = {isa = PBXBuildFile; fileRef = D4E263B4222FCC5B00E24287 /* StringReplace.cpp */; };
/* End PBXBuildFile section */

/* Begin PBXCopyFilesBuildPhase section */
		D4428F9D21CB79540094ADAB /* CopyFiles */ = {
			isa = PBXCopyFilesBuildPhase;
			buildActionMask = 2147483647;
			dstPath = /usr/share/man/man1/;
			dstSubfolderSpec = 0;
			files = (
			);
			runOnlyForDeploymentPostprocessing = 1;
		};
/* End PBXCopyFilesBuildPhase section */

/* Begin PBXFileReference section */
		D4428F9F21CB79540094ADAB /* Algorithm */ = {isa = PBXFileReference; explicitFileType = "compiled.mach-o.executable"; includeInIndex = 0; path = Algorithm; sourceTree = BUILT_PRODUCTS_DIR; };
		D4428FA221CB79540094ADAB /* main.cpp */ = {isa = PBXFileReference; lastKnownFileType = sourcecode.cpp.cpp; path = main.cpp; sourceTree = "<group>"; };
		D4428FA921CB79740094ADAB /* XFMutableArray.cpp */ = {isa = PBXFileReference; lastKnownFileType = sourcecode.cpp.cpp; path = XFMutableArray.cpp; sourceTree = "<group>"; };
		D4428FAC21CB7ADE0094ADAB /* Demo.cpp */ = {isa = PBXFileReference; lastKnownFileType = sourcecode.cpp.cpp; path = Demo.cpp; sourceTree = "<group>"; };
		D4428FAD21CB7ADE0094ADAB /* Demo.hpp */ = {isa = PBXFileReference; lastKnownFileType = sourcecode.cpp.h; path = Demo.hpp; sourceTree = "<group>"; };
		D4428FAF21CB7E8F0094ADAB /* XFLink.cpp */ = {isa = PBXFileReference; lastKnownFileType = sourcecode.cpp.cpp; path = XFLink.cpp; sourceTree = "<group>"; };
		D4428FB021CB7E8F0094ADAB /* XFLink.hpp */ = {isa = PBXFileReference; lastKnownFileType = sourcecode.cpp.h; path = XFLink.hpp; sourceTree = "<group>"; };
		D4428FF221CC82E50094ADAB /* XFPoint.cpp */ = {isa = PBXFileReference; lastKnownFileType = sourcecode.cpp.cpp; path = XFPoint.cpp; sourceTree = "<group>"; };
		D4428FF321CC82E50094ADAB /* XFPoint.hpp */ = {isa = PBXFileReference; lastKnownFileType = sourcecode.cpp.h; path = XFPoint.hpp; sourceTree = "<group>"; };
		D4428FF521D0D20B0094ADAB /* StackOrHead.cpp */ = {isa = PBXFileReference; lastKnownFileType = sourcecode.cpp.cpp; path = StackOrHead.cpp; sourceTree = "<group>"; };
		D4428FF621D0D20B0094ADAB /* StackOrHead.hpp */ = {isa = PBXFileReference; lastKnownFileType = sourcecode.cpp.h; path = StackOrHead.hpp; sourceTree = "<group>"; };
		D4428FF821D1C8420094ADAB /* XFStack.cpp */ = {isa = PBXFileReference; lastKnownFileType = sourcecode.cpp.cpp; path = XFStack.cpp; sourceTree = "<group>"; };
		D4428FF921D1C8420094ADAB /* XFStack.hpp */ = {isa = PBXFileReference; lastKnownFileType = sourcecode.cpp.h; path = XFStack.hpp; sourceTree = "<group>"; };
		D443BCD222321B2600CAB9E6 /* BubbleSort.cpp */ = {isa = PBXFileReference; lastKnownFileType = sourcecode.cpp.cpp; path = BubbleSort.cpp; sourceTree = "<group>"; };
		D443BCD322321B2600CAB9E6 /* BubbleSort.hpp */ = {isa = PBXFileReference; lastKnownFileType = sourcecode.cpp.h; path = BubbleSort.hpp; sourceTree = "<group>"; };
		D443BD072235FFDB00CAB9E6 /* Complexity.cpp */ = {isa = PBXFileReference; lastKnownFileType = sourcecode.cpp.cpp; path = Complexity.cpp; sourceTree = "<group>"; };
		D443BD082235FFDB00CAB9E6 /* Complexity.hpp */ = {isa = PBXFileReference; lastKnownFileType = sourcecode.cpp.h; path = Complexity.hpp; sourceTree = "<group>"; };
		D443BD0A2236317700CAB9E6 /* QuickSort.cpp */ = {isa = PBXFileReference; lastKnownFileType = sourcecode.cpp.cpp; path = QuickSort.cpp; sourceTree = "<group>"; };
		D443BD0B2236317700CAB9E6 /* QuickSort.hpp */ = {isa = PBXFileReference; lastKnownFileType = sourcecode.cpp.h; path = QuickSort.hpp; sourceTree = "<group>"; };
		D443BD0D22365E7700CAB9E6 /* sum.cpp */ = {isa = PBXFileReference; lastKnownFileType = sourcecode.cpp.cpp; path = sum.cpp; sourceTree = "<group>"; };
		D443BD0E22365E7700CAB9E6 /* sum.hpp */ = {isa = PBXFileReference; lastKnownFileType = sourcecode.cpp.h; path = sum.hpp; sourceTree = "<group>"; };
		D48FD7772248709000F98977 /* InsertSort.cpp */ = {isa = PBXFileReference; lastKnownFileType = sourcecode.cpp.cpp; path = InsertSort.cpp; sourceTree = "<group>"; };
		D48FD7782248709000F98977 /* InsertSort.hpp */ = {isa = PBXFileReference; lastKnownFileType = sourcecode.cpp.h; path = InsertSort.hpp; sourceTree = "<group>"; };
		D4E263B4222FCC5B00E24287 /* StringReplace.cpp */ = {isa = PBXFileReference; lastKnownFileType = sourcecode.cpp.cpp; path = StringReplace.cpp; sourceTree = "<group>"; };
		D4E263B5222FCC5B00E24287 /* StringReplace.hpp */ = {isa = PBXFileReference; lastKnownFileType = sourcecode.cpp.h; path = StringReplace.hpp; sourceTree = "<group>"; };
/* End PBXFileReference section */

/* Begin PBXFrameworksBuildPhase section */
		D4428F9C21CB79540094ADAB /* Frameworks */ = {
			isa = PBXFrameworksBuildPhase;
			buildActionMask = 2147483647;
			files = (
			);
			runOnlyForDeploymentPostprocessing = 0;
		};
/* End PBXFrameworksBuildPhase section */

/* Begin PBXGroup section */
		D4428F9621CB79540094ADAB = {
			isa = PBXGroup;
			children = (
				D4428FA121CB79540094ADAB /* Algorithm */,
				D4428FA021CB79540094ADAB /* Products */,
			);
			sourceTree = "<group>";
		};
		D4428FA021CB79540094ADAB /* Products */ = {
			isa = PBXGroup;
			children = (
				D4428F9F21CB79540094ADAB /* Algorithm */,
			);
			name = Products;
			sourceTree = "<group>";
		};
		D4428FA121CB79540094ADAB /* Algorithm */ = {
			isa = PBXGroup;
			children = (
				D443BCD122321AFB00CAB9E6 /* Sort */,
				D4428FA221CB79540094ADAB /* main.cpp */,
				D4428FA921CB79740094ADAB /* XFMutableArray.cpp */,
				D4428FAC21CB7ADE0094ADAB /* Demo.cpp */,
				D4428FAD21CB7ADE0094ADAB /* Demo.hpp */,
				D4428FAF21CB7E8F0094ADAB /* XFLink.cpp */,
				D4428FB021CB7E8F0094ADAB /* XFLink.hpp */,
				D4428FF221CC82E50094ADAB /* XFPoint.cpp */,
				D4428FF321CC82E50094ADAB /* XFPoint.hpp */,
				D4428FF521D0D20B0094ADAB /* StackOrHead.cpp */,
				D4428FF621D0D20B0094ADAB /* StackOrHead.hpp */,
				D4428FF821D1C8420094ADAB /* XFStack.cpp */,
				D4428FF921D1C8420094ADAB /* XFStack.hpp */,
				D4E263B4222FCC5B00E24287 /* StringReplace.cpp */,
				D4E263B5222FCC5B00E24287 /* StringReplace.hpp */,
				D443BD072235FFDB00CAB9E6 /* Complexity.cpp */,
				D443BD082235FFDB00CAB9E6 /* Complexity.hpp */,
				D443BD0D22365E7700CAB9E6 /* sum.cpp */,
				D443BD0E22365E7700CAB9E6 /* sum.hpp */,
			);
			path = Algorithm;
			sourceTree = "<group>";
		};
		D443BCD122321AFB00CAB9E6 /* Sort */ = {
			isa = PBXGroup;
			children = (
				D443BCD222321B2600CAB9E6 /* BubbleSort.cpp */,
				D443BCD322321B2600CAB9E6 /* BubbleSort.hpp */,
				D443BD0A2236317700CAB9E6 /* QuickSort.cpp */,
				D443BD0B2236317700CAB9E6 /* QuickSort.hpp */,
				D48FD7772248709000F98977 /* InsertSort.cpp */,
				D48FD7782248709000F98977 /* InsertSort.hpp */,
			);
			path = Sort;
			sourceTree = "<group>";
		};
/* End PBXGroup section */

/* Begin PBXNativeTarget section */
		D4428F9E21CB79540094ADAB /* Algorithm */ = {
			isa = PBXNativeTarget;
			buildConfigurationList = D4428FA621CB79540094ADAB /* Build configuration list for PBXNativeTarget "Algorithm" */;
			buildPhases = (
				D4428F9B21CB79540094ADAB /* Sources */,
				D4428F9C21CB79540094ADAB /* Frameworks */,
				D4428F9D21CB79540094ADAB /* CopyFiles */,
			);
			buildRules = (
			);
			dependencies = (
			);
			name = Algorithm;
			productName = Algorithm;
			productReference = D4428F9F21CB79540094ADAB /* Algorithm */;
			productType = "com.apple.product-type.tool";
		};
/* End PBXNativeTarget section */

/* Begin PBXProject section */
		D4428F9721CB79540094ADAB /* Project object */ = {
			isa = PBXProject;
			attributes = {
				LastUpgradeCheck = 1010;
				ORGANIZATIONNAME = com.learn;
				TargetAttributes = {
					D4428F9E21CB79540094ADAB = {
						CreatedOnToolsVersion = 10.1;
					};
				};
			};
			buildConfigurationList = D4428F9A21CB79540094ADAB /* Build configuration list for PBXProject "Algorithm" */;
			compatibilityVersion = "Xcode 9.3";
			developmentRegion = en;
			hasScannedForEncodings = 0;
			knownRegions = (
				en,
			);
			mainGroup = D4428F9621CB79540094ADAB;
			productRefGroup = D4428FA021CB79540094ADAB /* Products */;
			projectDirPath = "";
			projectRoot = "";
			targets = (
				D4428F9E21CB79540094ADAB /* Algorithm */,
			);
		};
/* End PBXProject section */

/* Begin PBXSourcesBuildPhase section */
		D4428F9B21CB79540094ADAB /* Sources */ = {
			isa = PBXSourcesBuildPhase;
			buildActionMask = 2147483647;
			files = (
				D4428FAE21CB7ADE0094ADAB /* Demo.cpp in Sources */,
				D4428FF721D0D20B0094ADAB /* StackOrHead.cpp in Sources */,
				D4428FAB21CB79740094ADAB /* XFMutableArray.cpp in Sources */,
				D4428FFA21D1C8420094ADAB /* XFStack.cpp in Sources */,
				D443BD0C2236317700CAB9E6 /* QuickSort.cpp in Sources */,
				D4428FA321CB79540094ADAB /* main.cpp in Sources */,
				D443BD092235FFDB00CAB9E6 /* Complexity.cpp in Sources */,
				D4E263B6222FCC5B00E24287 /* StringReplace.cpp in Sources */,
				D4428FB121CB7E8F0094ADAB /* XFLink.cpp in Sources */,
				D443BD0F22365E7700CAB9E6 /* sum.cpp in Sources */,
				D443BCD422321B2600CAB9E6 /* BubbleSort.cpp in Sources */,
				D4428FF421CC82E50094ADAB /* XFPoint.cpp in Sources */,
				D48FD7792248709000F98977 /* InsertSort.cpp in Sources */,
			);
			runOnlyForDeploymentPostprocessing = 0;
		};
/* End PBXSourcesBuildPhase section */

/* Begin XCBuildConfiguration section */
		D4428FA421CB79540094ADAB /* Debug */ = {
			isa = XCBuildConfiguration;
			buildSettings = {
				ALWAYS_SEARCH_USER_PATHS = NO;
				CLANG_ANALYZER_NONNULL = YES;
				CLANG_ANALYZER_NUMBER_OBJECT_CONVERSION = YES_AGGRESSIVE;
				CLANG_CXX_LANGUAGE_STANDARD = "gnu++14";
				CLANG_CXX_LIBRARY = "libc++";
				CLANG_ENABLE_MODULES = YES;
				CLANG_ENABLE_OBJC_ARC = YES;
				CLANG_ENABLE_OBJC_WEAK = YES;
				CLANG_WARN_BLOCK_CAPTURE_AUTORELEASING = YES;
				CLANG_WARN_BOOL_CONVERSION = YES;
				CLANG_WARN_COMMA = YES;
				CLANG_WARN_CONSTANT_CONVERSION = YES;
				CLANG_WARN_DEPRECATED_OBJC_IMPLEMENTATIONS = YES;
				CLANG_WARN_DIRECT_OBJC_ISA_USAGE = YES_ERROR;
				CLANG_WARN_DOCUMENTATION_COMMENTS = YES;
				CLANG_WARN_EMPTY_BODY = YES;
				CLANG_WARN_ENUM_CONVERSION = YES;
				CLANG_WARN_INFINITE_RECURSION = YES;
				CLANG_WARN_INT_CONVERSION = YES;
				CLANG_WARN_NON_LITERAL_NULL_CONVERSION = YES;
				CLANG_WARN_OBJC_IMPLICIT_RETAIN_SELF = YES;
				CLANG_WARN_OBJC_LITERAL_CONVERSION = YES;
				CLANG_WARN_OBJC_ROOT_CLASS = YES_ERROR;
				CLANG_WARN_RANGE_LOOP_ANALYSIS = YES;
				CLANG_WARN_STRICT_PROTOTYPES = YES;
				CLANG_WARN_SUSPICIOUS_MOVE = YES;
				CLANG_WARN_UNGUARDED_AVAILABILITY = YES_AGGRESSIVE;
				CLANG_WARN_UNREACHABLE_CODE = YES;
				CLANG_WARN__DUPLICATE_METHOD_MATCH = YES;
				CODE_SIGN_IDENTITY = "-";
				COPY_PHASE_STRIP = NO;
				DEBUG_INFORMATION_FORMAT = dwarf;
				ENABLE_STRICT_OBJC_MSGSEND = YES;
				ENABLE_TESTABILITY = YES;
				GCC_C_LANGUAGE_STANDARD = gnu11;
				GCC_DYNAMIC_NO_PIC = NO;
				GCC_NO_COMMON_BLOCKS = YES;
				GCC_OPTIMIZATION_LEVEL = 0;
				GCC_PREPROCESSOR_DEFINITIONS = (
					"DEBUG=1",
					"$(inherited)",
				);
				GCC_WARN_64_TO_32_BIT_CONVERSION = YES;
				GCC_WARN_ABOUT_RETURN_TYPE = YES_ERROR;
				GCC_WARN_UNDECLARED_SELECTOR = YES;
				GCC_WARN_UNINITIALIZED_AUTOS = YES_AGGRESSIVE;
				GCC_WARN_UNUSED_FUNCTION = YES;
				GCC_WARN_UNUSED_VARIABLE = YES;
				MACOSX_DEPLOYMENT_TARGET = 10.14;
				MTL_ENABLE_DEBUG_INFO = INCLUDE_SOURCE;
				MTL_FAST_MATH = YES;
				ONLY_ACTIVE_ARCH = YES;
				SDKROOT = macosx;
			};
			name = Debug;
		};
		D4428FA521CB79540094ADAB /* Release */ = {
			isa = XCBuildConfiguration;
			buildSettings = {
				ALWAYS_SEARCH_USER_PATHS = NO;
				CLANG_ANALYZER_NONNULL = YES;
				CLANG_ANALYZER_NUMBER_OBJECT_CONVERSION = YES_AGGRESSIVE;
				CLANG_CXX_LANGUAGE_STANDARD = "gnu++14";
				CLANG_CXX_LIBRARY = "libc++";
				CLANG_ENABLE_MODULES = YES;
				CLANG_ENABLE_OBJC_ARC = YES;
				CLANG_ENABLE_OBJC_WEAK = YES;
				CLANG_WARN_BLOCK_CAPTURE_AUTORELEASING = YES;
				CLANG_WARN_BOOL_CONVERSION = YES;
				CLANG_WARN_COMMA = YES;
				CLANG_WARN_CONSTANT_CONVERSION = YES;
				CLANG_WARN_DEPRECATED_OBJC_IMPLEMENTATIONS = YES;
				CLANG_WARN_DIRECT_OBJC_ISA_USAGE = YES_ERROR;
				CLANG_WARN_DOCUMENTATION_COMMENTS = YES;
				CLANG_WARN_EMPTY_BODY = YES;
				CLANG_WARN_ENUM_CONVERSION = YES;
				CLANG_WARN_INFINITE_RECURSION = YES;
				CLANG_WARN_INT_CONVERSION = YES;
				CLANG_WARN_NON_LITERAL_NULL_CONVERSION = YES;
				CLANG_WARN_OBJC_IMPLICIT_RETAIN_SELF = YES;
				CLANG_WARN_OBJC_LITERAL_CONVERSION = YES;
				CLANG_WARN_OBJC_ROOT_CLASS = YES_ERROR;
				CLANG_WARN_RANGE_LOOP_ANALYSIS = YES;
				CLANG_WARN_STRICT_PROTOTYPES = YES;
				CLANG_WARN_SUSPICIOUS_MOVE = YES;
				CLANG_WARN_UNGUARDED_AVAILABILITY = YES_AGGRESSIVE;
				CLANG_WARN_UNREACHABLE_CODE = YES;
				CLANG_WARN__DUPLICATE_METHOD_MATCH = YES;
				CODE_SIGN_IDENTITY = "-";
				COPY_PHASE_STRIP = NO;
				DEBUG_INFORMATION_FORMAT = "dwarf-with-dsym";
				ENABLE_NS_ASSERTIONS = NO;
				ENABLE_STRICT_OBJC_MSGSEND = YES;
				GCC_C_LANGUAGE_STANDARD = gnu11;
				GCC_NO_COMMON_BLOCKS = YES;
				GCC_WARN_64_TO_32_BIT_CONVERSION = YES;
				GCC_WARN_ABOUT_RETURN_TYPE = YES_ERROR;
				GCC_WARN_UNDECLARED_SELECTOR = YES;
				GCC_WARN_UNINITIALIZED_AUTOS = YES_AGGRESSIVE;
				GCC_WARN_UNUSED_FUNCTION = YES;
				GCC_WARN_UNUSED_VARIABLE = YES;
				MACOSX_DEPLOYMENT_TARGET = 10.14;
				MTL_ENABLE_DEBUG_INFO = NO;
				MTL_FAST_MATH = YES;
				SDKROOT = macosx;
			};
			name = Release;
		};
		D4428FA721CB79540094ADAB /* Debug */ = {
			isa = XCBuildConfiguration;
			buildSettings = {
				CODE_SIGN_STYLE = Automatic;
				PRODUCT_NAME = "$(TARGET_NAME)";
			};
			name = Debug;
		};
		D4428FA821CB79540094ADAB /* Release */ = {
			isa = XCBuildConfiguration;
			buildSettings = {
				CODE_SIGN_STYLE = Automatic;
				PRODUCT_NAME = "$(TARGET_NAME)";
			};
			name = Release;
		};
/* End XCBuildConfiguration section */

/* Begin XCConfigurationList section */
		D4428F9A21CB79540094ADAB /* Build configuration list for PBXProject "Algorithm" */ = {
			isa = XCConfigurationList;
			buildConfigurations = (
				D4428FA421CB79540094ADAB /* Debug */,
				D4428FA521CB79540094ADAB /* Release */,
			);
			defaultConfigurationIsVisible = 0;
			defaultConfigurationName = Release;
		};
		D4428FA621CB79540094ADAB /* Build configuration list for PBXNativeTarget "Algorithm" */ = {
			isa = XCConfigurationList;
			buildConfigurations = (
				D4428FA721CB79540094ADAB /* Debug */,
				D4428FA821CB79540094ADAB /* Release */,
			);
			defaultConfigurationIsVisible = 0;
			defaultConfigurationName = Release;
		};
/* End XCConfigurationList section */
	};
	rootObject = D4428F9721CB79540094ADAB /* Project object */;
}
